
Microsoft Visual Studio Solution File, Format Version 12.00
# Visual Studio Version 17
VisualStudioVersion = 17.1.32328.378
MinimumVisualStudioVersion = 10.0.40219.1
Project("{FAE04EC0-301F-11D3-BF4B-00C04F79EFBC}") = "TestApp", "TestApp\TestApp.csproj", "{FBB50AF8-AAB4-4B7C-A5D4-EDF1DFF42C95}"
EndProject
Global
	GlobalSection(SolutionConfigurationPlatforms) = preSolution
		Debug|Any CPU = Debug|Any CPU
		Release|Any CPU = Release|Any CPU
	EndGlobalSection
	GlobalSection(ProjectConfigurationPlatforms) = postSolution
		{FBB50AF8-AAB4-4B7C-A5D4-EDF1DFF42C95}.Debug|Any CPU.ActiveCfg = Debug|Any CPU
		{FBB50AF8-AAB4-4B7C-A5D4-EDF1DFF42C95}.Debug|Any CPU.Build.0 = Debug|Any CPU
		{FBB50AF8-AAB4-4B7C-A5D4-EDF1DFF42C95}.Release|Any CPU.ActiveCfg = Release|Any CPU
		{FBB50AF8-AAB4-4B7C-A5D4-EDF1DFF42C95}.Release|Any CPU.Build.0 = Release|Any CPU
	EndGlobalSection
	GlobalSection(SolutionProperties) = preSolution
		HideSolutionNode = FALSE
	EndGlobalSection
	GlobalSection(ExtensibilityGlobals) = postSolution
		SolutionGuid = {06176DAF-71B5-4D5A-B089-49207CAED0DA}
	EndGlobalSection
EndGlobal
